
Microsoft Visual Studio Solution File, Format Version 12.00
# Visual Studio 15
VisualStudioVersion = 15.0.28307.421
MinimumVisualStudioVersion = 10.0.40219.1
Project("{FAE04EC0-301F-11D3-BF4B-00C04F79EFBC}") = "Adiyos-Capstone Project", "Adiyos-Capstone Project\Adiyos-Capstone Project.csproj", "{DC5392ED-6628-4BF8-9959-7430D7F9614B}"
EndProject
Global
	GlobalSection(SolutionConfigurationPlatforms) = preSolution
		Debug|Any CPU = Debug|Any CPU
		Release|Any CPU = Release|Any CPU
	EndGlobalSection
	GlobalSection(ProjectConfigurationPlatforms) = postSolution
		{DC5392ED-6628-4BF8-9959-7430D7F9614B}.Debug|Any CPU.ActiveCfg = Debug|Any CPU
		{DC5392ED-6628-4BF8-9959-7430D7F9614B}.Debug|Any CPU.Build.0 = Debug|Any CPU
		{DC5392ED-6628-4BF8-9959-7430D7F9614B}.Release|Any CPU.ActiveCfg = Release|Any CPU
		{DC5392ED-6628-4BF8-9959-7430D7F9614B}.Release|Any CPU.Build.0 = Release|Any CPU
	EndGlobalSection
	GlobalSection(SolutionProperties) = preSolution
		HideSolutionNode = FALSE
	EndGlobalSection
	GlobalSection(ExtensibilityGlobals) = postSolution
		SolutionGuid = {45639217-A472-49F0-9255-878A3E98CB38}
	EndGlobalSection
EndGlobal
